
Microsoft Visual Studio Solution File, Format Version 12.00
# Visual Studio Version 16
VisualStudioVersion = 16.0.33423.256
MinimumVisualStudioVersion = 10.0.40219.1
Project("{FAE04EC0-301F-11D3-BF4B-00C04F79EFBC}") = "dz_30.03", "dz_30.03\dz_30.03.csproj", "{F1288D52-47BB-4AD8-9321-B4F66BD019EC}"
EndProject
Global
	GlobalSection(SolutionConfigurationPlatforms) = preSolution
		Debug|Any CPU = Debug|Any CPU
		Release|Any CPU = Release|Any CPU
	EndGlobalSection
	GlobalSection(ProjectConfigurationPlatforms) = postSolution
		{F1288D52-47BB-4AD8-9321-B4F66BD019EC}.Debug|Any CPU.ActiveCfg = Debug|Any CPU
		{F1288D52-47BB-4AD8-9321-B4F66BD019EC}.Debug|Any CPU.Build.0 = Debug|Any CPU
		{F1288D52-47BB-4AD8-9321-B4F66BD019EC}.Release|Any CPU.ActiveCfg = Release|Any CPU
		{F1288D52-47BB-4AD8-9321-B4F66BD019EC}.Release|Any CPU.Build.0 = Release|Any CPU
	EndGlobalSection
	GlobalSection(SolutionProperties) = preSolution
		HideSolutionNode = FALSE
	EndGlobalSection
	GlobalSection(ExtensibilityGlobals) = postSolution
		SolutionGuid = {B5C9BF8D-5AFB-4078-AF37-B59E55236ECE}
	EndGlobalSection
EndGlobal
